
Microsoft Visual Studio Solution File, Format Version 12.00
# Visual Studio Version 17
VisualStudioVersion = 17.7.34031.279
MinimumVisualStudioVersion = 10.0.40219.1
Project("{FAE04EC0-301F-11D3-BF4B-00C04F79EFBC}") = "HeronsNest", "HeronsNest\HeronsNest.csproj", "{5478FBC2-DEE2-4960-8AAE-6107D1225DDD}"
EndProject
Global
	GlobalSection(SolutionConfigurationPlatforms) = preSolution
		Debug|Any CPU = Debug|Any CPU
		Release|Any CPU = Release|Any CPU
	EndGlobalSection
	GlobalSection(ProjectConfigurationPlatforms) = postSolution
		{5478FBC2-DEE2-4960-8AAE-6107D1225DDD}.Debug|Any CPU.ActiveCfg = Debug|Any CPU
		{5478FBC2-DEE2-4960-8AAE-6107D1225DDD}.Debug|Any CPU.Build.0 = Debug|Any CPU
		{5478FBC2-DEE2-4960-8AAE-6107D1225DDD}.Release|Any CPU.ActiveCfg = Release|Any CPU
		{5478FBC2-DEE2-4960-8AAE-6107D1225DDD}.Release|Any CPU.Build.0 = Release|Any CPU
	EndGlobalSection
	GlobalSection(SolutionProperties) = preSolution
		HideSolutionNode = FALSE
	EndGlobalSection
	GlobalSection(ExtensibilityGlobals) = postSolution
		SolutionGuid = {05EF759C-1DEE-4ED5-9C0D-2CEDCD1B3637}
	EndGlobalSection
EndGlobal
